
Microsoft Visual Studio Solution File, Format Version 12.00
# Visual Studio Version 17
VisualStudioVersion = 17.4.33205.214
MinimumVisualStudioVersion = 10.0.40219.1
Project("{888888A0-9F3D-457C-B088-3A5042F75D52}") = "tsükkel", "tsükkel.pyproj", "{6387AA75-22EC-43F6-B1A0-03A9614719AB}"
EndProject
Global
	GlobalSection(SolutionConfigurationPlatforms) = preSolution
		Debug|Any CPU = Debug|Any CPU
		Release|Any CPU = Release|Any CPU
	EndGlobalSection
	GlobalSection(ProjectConfigurationPlatforms) = postSolution
		{6387AA75-22EC-43F6-B1A0-03A9614719AB}.Debug|Any CPU.ActiveCfg = Debug|Any CPU
		{6387AA75-22EC-43F6-B1A0-03A9614719AB}.Release|Any CPU.ActiveCfg = Release|Any CPU
	EndGlobalSection
	GlobalSection(SolutionProperties) = preSolution
		HideSolutionNode = FALSE
	EndGlobalSection
	GlobalSection(ExtensibilityGlobals) = postSolution
		SolutionGuid = {73BB38E9-A644-4502-BC28-393A6F2DE6B3}
	EndGlobalSection
EndGlobal
